PODS:
  - CocoaLumberjack (2.3.0):
    - CocoaLumberjack/Default (= 2.3.0)
    - CocoaLumberjack/Extensions (= 2.3.0)
  - CocoaLumberjack/Core (2.3.0)
  - CocoaLumberjack/Default (2.3.0):
    - CocoaLumberjack/Core
  - CocoaLumberjack/Extensions (2.3.0):
    - CocoaLumberjack/Default
  - PubNub (4.3.3):
    - CocoaLumberjack (= 2.3.0)
    - PubNub/Core (= 4.3.3)
  - PubNub/Core (4.3.3):
    - CocoaLumberjack (= 2.3.0)

DEPENDENCIES:
  - PubNub

SPEC CHECKSUMS:
  CocoaLumberjack: 97fab7ee5f507fe54445cca7ea80f926729cfd15
  PubNub: 51acd937c947d931a75d2caef654fd12f7573e09

PODFILE CHECKSUM: a756936eb72e032fc61a7dbdacb8e1734738c4b1

COCOAPODS: 1.0.0
